
Microsoft Visual Studio Solution File, Format Version 12.00
# Visual Studio 14
VisualStudioVersion = 14.0.25420.1
MinimumVisualStudioVersion = 10.0.40219.1
Project("{2150E333-8FDC-42A3-9474-1A3956D46DE8}") = "Libraries", "Libraries", "{5A3A3FC7-CE3D-4E0C-9D30-13B946B488FE}"
EndProject
Project("{2150E333-8FDC-42A3-9474-1A3956D46DE8}") = "Web", "Web", "{C8C038E3-1DBF-4DDB-82C2-08C342FFDFA5}"
EndProject
Project("{2150E333-8FDC-42A3-9474-1A3956D46DE8}") = "DataAccess", "DataAccess", "{2D92D134-8954-4979-948E-29FCC294B8D1}"
EndProject
Project("{2150E333-8FDC-42A3-9474-1A3956D46DE8}") = "OwinMiddleware", "OwinMiddleware", "{AD3A5C95-A285-44E6-A4AE-08D133E6A30B}"
EndProject
Project("{FAE04EC0-301F-11D3-BF4B-00C04F79EFBC}") = "WebHost", "WebHost\WebHost.csproj", "{2998B703-6AD5-414C-A39D-023487497218}"
EndProject
Project("{FAE04EC0-301F-11D3-BF4B-00C04F79EFBC}") = "RestApi", "RestApi\RestApi.csproj", "{2FFB0F65-9E5C-4EC1-9101-0D4A17DF07F3}"
EndProject
Project("{FAE04EC0-301F-11D3-BF4B-00C04F79EFBC}") = "EFSDAL", "EFSDAL\EFSDAL.csproj", "{44F9C673-542B-4FB5-84A4-52784479C9EA}"
EndProject
Project("{2150E333-8FDC-42A3-9474-1A3956D46DE8}") = "Solution Items", "Solution Items", "{A8F791E6-2B75-4684-958F-B7F21978FE30}"
	ProjectSection(SolutionItems) = preProject
		md-styles.css = md-styles.css
		readme.md = readme.md
	EndProjectSection
EndProject
Global
	GlobalSection(SolutionConfigurationPlatforms) = preSolution
		Debug|Any CPU = Debug|Any CPU
		Release|Any CPU = Release|Any CPU
	EndGlobalSection
	GlobalSection(ProjectConfigurationPlatforms) = postSolution
		{2998B703-6AD5-414C-A39D-023487497218}.Debug|Any CPU.ActiveCfg = Debug|Any CPU
		{2998B703-6AD5-414C-A39D-023487497218}.Debug|Any CPU.Build.0 = Debug|Any CPU
		{2998B703-6AD5-414C-A39D-023487497218}.Release|Any CPU.ActiveCfg = Release|Any CPU
		{2998B703-6AD5-414C-A39D-023487497218}.Release|Any CPU.Build.0 = Release|Any CPU
		{2FFB0F65-9E5C-4EC1-9101-0D4A17DF07F3}.Debug|Any CPU.ActiveCfg = Debug|Any CPU
		{2FFB0F65-9E5C-4EC1-9101-0D4A17DF07F3}.Debug|Any CPU.Build.0 = Debug|Any CPU
		{2FFB0F65-9E5C-4EC1-9101-0D4A17DF07F3}.Release|Any CPU.ActiveCfg = Release|Any CPU
		{2FFB0F65-9E5C-4EC1-9101-0D4A17DF07F3}.Release|Any CPU.Build.0 = Release|Any CPU
		{44F9C673-542B-4FB5-84A4-52784479C9EA}.Debug|Any CPU.ActiveCfg = Debug|Any CPU
		{44F9C673-542B-4FB5-84A4-52784479C9EA}.Debug|Any CPU.Build.0 = Debug|Any CPU
		{44F9C673-542B-4FB5-84A4-52784479C9EA}.Release|Any CPU.ActiveCfg = Release|Any CPU
		{44F9C673-542B-4FB5-84A4-52784479C9EA}.Release|Any CPU.Build.0 = Release|Any CPU
	EndGlobalSection
	GlobalSection(SolutionProperties) = preSolution
		HideSolutionNode = FALSE
	EndGlobalSection
	GlobalSection(NestedProjects) = preSolution
		{2D92D134-8954-4979-948E-29FCC294B8D1} = {5A3A3FC7-CE3D-4E0C-9D30-13B946B488FE}
		{AD3A5C95-A285-44E6-A4AE-08D133E6A30B} = {5A3A3FC7-CE3D-4E0C-9D30-13B946B488FE}
		{2998B703-6AD5-414C-A39D-023487497218} = {C8C038E3-1DBF-4DDB-82C2-08C342FFDFA5}
		{2FFB0F65-9E5C-4EC1-9101-0D4A17DF07F3} = {AD3A5C95-A285-44E6-A4AE-08D133E6A30B}
		{44F9C673-542B-4FB5-84A4-52784479C9EA} = {2D92D134-8954-4979-948E-29FCC294B8D1}
	EndGlobalSection
EndGlobal
